// !$*UTF8*$!
{
	archiveVersion = 1;
	classes = {
	};
	objectVersion = 51;
	objects = {

/* Begin PBXBuildFile section */
		DD67A75122EF33B000D1D51D /* AppDelegate.swift in Sources */ = {isa = PBXBuildFile; fileRef = DD67A75022EF33B000D1D51D /* AppDelegate.swift */; };
		DD67A75622EF33B000D1D51D /* Main.storyboard in Resources */ = {isa = PBXBuildFile; fileRef = DD67A75422EF33B000D1D51D /* Main.storyboard */; };
		DD67A75822EF33B200D1D51D /* Assets.xcassets in Resources */ = {isa = PBXBuildFile; fileRef = DD67A75722EF33B200D1D51D /* Assets.xcassets */; };
		DD67A75B22EF33B200D1D51D /* LaunchScreen.storyboard in Resources */ = {isa = PBXBuildFile; fileRef = DD67A75922EF33B200D1D51D /* LaunchScreen.storyboard */; };
		DD67A76822EF35F300D1D51D /* LoginPage.storyboard in Resources */ = {isa = PBXBuildFile; fileRef = DD67A76722EF35F300D1D51D /* LoginPage.storyboard */; };
		DD67A77522EF381C00D1D51D /* SignInOrUpViewController.swift in Sources */ = {isa = PBXBuildFile; fileRef = DD67A77422EF381C00D1D51D /* SignInOrUpViewController.swift */; };
		DD67A77722EF3A7400D1D51D /* Storyboard.swift in Sources */ = {isa = PBXBuildFile; fileRef = DD67A77622EF3A7400D1D51D /* Storyboard.swift */; };
		DD67A77D22EF60FE00D1D51D /* SignInViewController.swift in Sources */ = {isa = PBXBuildFile; fileRef = DD67A77C22EF60FE00D1D51D /* SignInViewController.swift */; };
		DD67A77F22EF693E00D1D51D /* SignUpViewController.swift in Sources */ = {isa = PBXBuildFile; fileRef = DD67A77E22EF693E00D1D51D /* SignUpViewController.swift */; };
		E7B4395AA7548D9BB5FE8B46 /* Pods_Me2.framework in Frameworks */ = {isa = PBXBuildFile; fileRef = F8840C5495255E7A23349552 /* Pods_Me2.framework */; };
/* End PBXBuildFile section */

/* Begin PBXFileReference section */
		5EC30CA6717869B180075276 /* Pods-Me2.debug.xcconfig */ = {isa = PBXFileReference; includeInIndex = 1; lastKnownFileType = text.xcconfig; name = "Pods-Me2.debug.xcconfig"; path = "Target Support Files/Pods-Me2/Pods-Me2.debug.xcconfig"; sourceTree = "<group>"; };
		87EA5E7B2A6E3D65D055AF83 /* Pods-Me2.release.xcconfig */ = {isa = PBXFileReference; includeInIndex = 1; lastKnownFileType = text.xcconfig; name = "Pods-Me2.release.xcconfig"; path = "Target Support Files/Pods-Me2/Pods-Me2.release.xcconfig"; sourceTree = "<group>"; };
		DD67A74D22EF33B000D1D51D /* Me2.app */ = {isa = PBXFileReference; explicitFileType = wrapper.application; includeInIndex = 0; path = Me2.app; sourceTree = BUILT_PRODUCTS_DIR; };
		DD67A75022EF33B000D1D51D /* AppDelegate.swift */ = {isa = PBXFileReference; lastKnownFileType = sourcecode.swift; path = AppDelegate.swift; sourceTree = "<group>"; };
		DD67A75522EF33B000D1D51D /* Base */ = {isa = PBXFileReference; lastKnownFileType = file.storyboard; name = Base; path = Base.lproj/Main.storyboard; sourceTree = "<group>"; };
		DD67A75722EF33B200D1D51D /* Assets.xcassets */ = {isa = PBXFileReference; lastKnownFileType = folder.assetcatalog; path = Assets.xcassets; sourceTree = "<group>"; };
		DD67A75A22EF33B200D1D51D /* Base */ = {isa = PBXFileReference; lastKnownFileType = file.storyboard; name = Base; path = Base.lproj/LaunchScreen.storyboard; sourceTree = "<group>"; };
		DD67A75C22EF33B200D1D51D /* Info.plist */ = {isa = PBXFileReference; lastKnownFileType = text.plist.xml; path = Info.plist; sourceTree = "<group>"; };
		DD67A76722EF35F300D1D51D /* LoginPage.storyboard */ = {isa = PBXFileReference; lastKnownFileType = file.storyboard; path = LoginPage.storyboard; sourceTree = "<group>"; };
		DD67A76B22EF36C700D1D51D /* SF-Pro-Rounded-Ultralight.otf */ = {isa = PBXFileReference; lastKnownFileType = file; name = "SF-Pro-Rounded-Ultralight.otf"; path = "San Francisco Pro/SF-Pro-Rounded-Ultralight.otf"; sourceTree = "<group>"; };
		DD67A76C22EF36C700D1D51D /* SF-Pro-Rounded-Thin.otf */ = {isa = PBXFileReference; lastKnownFileType = file; name = "SF-Pro-Rounded-Thin.otf"; path = "San Francisco Pro/SF-Pro-Rounded-Thin.otf"; sourceTree = "<group>"; };
		DD67A76D22EF36C700D1D51D /* SF-Pro-Rounded-Light.otf */ = {isa = PBXFileReference; lastKnownFileType = file; name = "SF-Pro-Rounded-Light.otf"; path = "San Francisco Pro/SF-Pro-Rounded-Light.otf"; sourceTree = "<group>"; };
		DD67A76E22EF36C700D1D51D /* SF-Pro-Rounded-Medium.otf */ = {isa = PBXFileReference; lastKnownFileType = file; name = "SF-Pro-Rounded-Medium.otf"; path = "San Francisco Pro/SF-Pro-Rounded-Medium.otf"; sourceTree = "<group>"; };
		DD67A76F22EF36C700D1D51D /* SF-Pro-Rounded-Regular.otf */ = {isa = PBXFileReference; lastKnownFileType = file; name = "SF-Pro-Rounded-Regular.otf"; path = "San Francisco Pro/SF-Pro-Rounded-Regular.otf"; sourceTree = "<group>"; };
		DD67A77022EF36C700D1D51D /* SF-Pro-Rounded-Semibold.otf */ = {isa = PBXFileReference; lastKnownFileType = file; name = "SF-Pro-Rounded-Semibold.otf"; path = "San Francisco Pro/SF-Pro-Rounded-Semibold.otf"; sourceTree = "<group>"; };
		DD67A77422EF381C00D1D51D /* SignInOrUpViewController.swift */ = {isa = PBXFileReference; lastKnownFileType = sourcecode.swift; path = SignInOrUpViewController.swift; sourceTree = "<group>"; };
		DD67A77622EF3A7400D1D51D /* Storyboard.swift */ = {isa = PBXFileReference; lastKnownFileType = sourcecode.swift; path = Storyboard.swift; sourceTree = "<group>"; };
		DD67A77C22EF60FE00D1D51D /* SignInViewController.swift */ = {isa = PBXFileReference; lastKnownFileType = sourcecode.swift; path = SignInViewController.swift; sourceTree = "<group>"; };
		DD67A77E22EF693E00D1D51D /* SignUpViewController.swift */ = {isa = PBXFileReference; lastKnownFileType = sourcecode.swift; path = SignUpViewController.swift; sourceTree = "<group>"; };
		F8840C5495255E7A23349552 /* Pods_Me2.framework */ = {isa = PBXFileReference; explicitFileType = wrapper.framework; includeInIndex = 0; path = Pods_Me2.framework; sourceTree = BUILT_PRODUCTS_DIR; };
/* End PBXFileReference section */

/* Begin PBXFrameworksBuildPhase section */
		DD67A74A22EF33B000D1D51D /* Frameworks */ = {
			isa = PBXFrameworksBuildPhase;
			buildActionMask = 2147483647;
			files = (
				E7B4395AA7548D9BB5FE8B46 /* Pods_Me2.framework in Frameworks */,
			);
			runOnlyForDeploymentPostprocessing = 0;
		};
/* End PBXFrameworksBuildPhase section */

/* Begin PBXGroup section */
		0F8E50A9BA03A50C43F5977E /* Frameworks */ = {
			isa = PBXGroup;
			children = (
				F8840C5495255E7A23349552 /* Pods_Me2.framework */,
			);
			name = Frameworks;
			sourceTree = "<group>";
		};
		59C6989C3F0FE1D7CF1890CB /* Pods */ = {
			isa = PBXGroup;
			children = (
				5EC30CA6717869B180075276 /* Pods-Me2.debug.xcconfig */,
				87EA5E7B2A6E3D65D055AF83 /* Pods-Me2.release.xcconfig */,
			);
			path = Pods;
			sourceTree = "<group>";
		};
		DD67A74422EF33B000D1D51D = {
			isa = PBXGroup;
			children = (
				DD67A74F22EF33B000D1D51D /* Me2 */,
				DD67A74E22EF33B000D1D51D /* Products */,
				59C6989C3F0FE1D7CF1890CB /* Pods */,
				0F8E50A9BA03A50C43F5977E /* Frameworks */,
			);
			sourceTree = "<group>";
		};
		DD67A74E22EF33B000D1D51D /* Products */ = {
			isa = PBXGroup;
			children = (
				DD67A74D22EF33B000D1D51D /* Me2.app */,
			);
			name = Products;
			sourceTree = "<group>";
		};
		DD67A74F22EF33B000D1D51D /* Me2 */ = {
			isa = PBXGroup;
			children = (
				DD67A76322EF356400D1D51D /* Core */,
				DD67A76422EF356D00D1D51D /* User Stories */,
				DD67A76522EF357B00D1D51D /* Storyboards */,
				DD67A76222EF354800D1D51D /* Support */,
				DD67A75022EF33B000D1D51D /* AppDelegate.swift */,
				DD67A75722EF33B200D1D51D /* Assets.xcassets */,
			);
			path = Me2;
			sourceTree = "<group>";
		};
		DD67A76222EF354800D1D51D /* Support */ = {
			isa = PBXGroup;
			children = (
				DD67A76922EF367300D1D51D /* Fonts */,
				DD67A75922EF33B200D1D51D /* LaunchScreen.storyboard */,
				DD67A75C22EF33B200D1D51D /* Info.plist */,
			);
			path = Support;
			sourceTree = "<group>";
		};
		DD67A76322EF356400D1D51D /* Core */ = {
			isa = PBXGroup;
			children = (
				DD67A77622EF3A7400D1D51D /* Storyboard.swift */,
			);
			path = Core;
			sourceTree = "<group>";
		};
		DD67A76422EF356D00D1D51D /* User Stories */ = {
			isa = PBXGroup;
			children = (
				DD67A76622EF35B000D1D51D /* Login Page */,
			);
			path = "User Stories";
			sourceTree = "<group>";
		};
		DD67A76522EF357B00D1D51D /* Storyboards */ = {
			isa = PBXGroup;
			children = (
				DD67A76722EF35F300D1D51D /* LoginPage.storyboard */,
				DD67A75422EF33B000D1D51D /* Main.storyboard */,
			);
			path = Storyboards;
			sourceTree = "<group>";
		};
		DD67A76622EF35B000D1D51D /* Login Page */ = {
			isa = PBXGroup;
			children = (
				DD67A77322EF380500D1D51D /* ViewModels */,
				DD67A77222EF37FD00D1D51D /* Models */,
				DD67A77122EF37F700D1D51D /* Views */,
			);
			path = "Login Page";
			sourceTree = "<group>";
		};
		DD67A76922EF367300D1D51D /* Fonts */ = {
			isa = PBXGroup;
			children = (
				DD67A76A22EF367F00D1D51D /* SF Pro */,
			);
			path = Fonts;
			sourceTree = "<group>";
		};
		DD67A76A22EF367F00D1D51D /* SF Pro */ = {
			isa = PBXGroup;
			children = (
				DD67A76D22EF36C700D1D51D /* SF-Pro-Rounded-Light.otf */,
				DD67A76E22EF36C700D1D51D /* SF-Pro-Rounded-Medium.otf */,
				DD67A76F22EF36C700D1D51D /* SF-Pro-Rounded-Regular.otf */,
				DD67A77022EF36C700D1D51D /* SF-Pro-Rounded-Semibold.otf */,
				DD67A76C22EF36C700D1D51D /* SF-Pro-Rounded-Thin.otf */,
				DD67A76B22EF36C700D1D51D /* SF-Pro-Rounded-Ultralight.otf */,
			);
			path = "SF Pro";
			sourceTree = "<group>";
		};
		DD67A77122EF37F700D1D51D /* Views */ = {
			isa = PBXGroup;
			children = (
				DD67A77422EF381C00D1D51D /* SignInOrUpViewController.swift */,
				DD67A77C22EF60FE00D1D51D /* SignInViewController.swift */,
				DD67A77E22EF693E00D1D51D /* SignUpViewController.swift */,
			);
			path = Views;
			sourceTree = "<group>";
		};
		DD67A77222EF37FD00D1D51D /* Models */ = {
			isa = PBXGroup;
			children = (
			);
			path = Models;
			sourceTree = "<group>";
		};
		DD67A77322EF380500D1D51D /* ViewModels */ = {
			isa = PBXGroup;
			children = (
			);
			path = ViewModels;
			sourceTree = "<group>";
		};
/* End PBXGroup section */

/* Begin PBXNativeTarget section */
		DD67A74C22EF33B000D1D51D /* Me2 */ = {
			isa = PBXNativeTarget;
			buildConfigurationList = DD67A75F22EF33B200D1D51D /* Build configuration list for PBXNativeTarget "Me2" */;
			buildPhases = (
				8CDBA4C023827EA5D9DAD63D /* [CP] Check Pods Manifest.lock */,
				DD67A74922EF33B000D1D51D /* Sources */,
				DD67A74A22EF33B000D1D51D /* Frameworks */,
				DD67A74B22EF33B000D1D51D /* Resources */,
				1728121E7EFDF10E72FFC7F5 /* [CP] Embed Pods Frameworks */,
			);
			buildRules = (
			);
			dependencies = (
			);
			name = Me2;
			productName = Me2;
			productReference = DD67A74D22EF33B000D1D51D /* Me2.app */;
			productType = "com.apple.product-type.application";
		};
/* End PBXNativeTarget section */

/* Begin PBXProject section */
		DD67A74522EF33B000D1D51D /* Project object */ = {
			isa = PBXProject;
			attributes = {
				LastSwiftUpdateCheck = 1030;
				LastUpgradeCheck = 1030;
				ORGANIZATIONNAME = AVSoft;
				TargetAttributes = {
					DD67A74C22EF33B000D1D51D = {
						CreatedOnToolsVersion = 10.3;
					};
				};
			};
			buildConfigurationList = DD67A74822EF33B000D1D51D /* Build configuration list for PBXProject "Me2" */;
			compatibilityVersion = "Xcode 9.3";
			developmentRegion = en;
			hasScannedForEncodings = 0;
			knownRegions = (
				en,
				Base,
			);
			mainGroup = DD67A74422EF33B000D1D51D;
			productRefGroup = DD67A74E22EF33B000D1D51D /* Products */;
			projectDirPath = "";
			projectRoot = "";
			targets = (
				DD67A74C22EF33B000D1D51D /* Me2 */,
			);
		};
/* End PBXProject section */

/* Begin PBXResourcesBuildPhase section */
		DD67A74B22EF33B000D1D51D /* Resources */ = {
			isa = PBXResourcesBuildPhase;
			buildActionMask = 2147483647;
			files = (
				DD67A75B22EF33B200D1D51D /* LaunchScreen.storyboard in Resources */,
				DD67A76822EF35F300D1D51D /* LoginPage.storyboard in Resources */,
				DD67A75822EF33B200D1D51D /* Assets.xcassets in Resources */,
				DD67A75622EF33B000D1D51D /* Main.storyboard in Resources */,
			);
			runOnlyForDeploymentPostprocessing = 0;
		};
/* End PBXResourcesBuildPhase section */

/* Begin PBXShellScriptBuildPhase section */
		1728121E7EFDF10E72FFC7F5 /* [CP] Embed Pods Frameworks */ = {
			isa = PBXShellScriptBuildPhase;
			buildActionMask = 2147483647;
			files = (
			);
			inputFileListPaths = (
				"${PODS_ROOT}/Target Support Files/Pods-Me2/Pods-Me2-frameworks-${CONFIGURATION}-input-files.xcfilelist",
			);
			name = "[CP] Embed Pods Frameworks";
			outputFileListPaths = (
				"${PODS_ROOT}/Target Support Files/Pods-Me2/Pods-Me2-frameworks-${CONFIGURATION}-output-files.xcfilelist",
			);
			runOnlyForDeploymentPostprocessing = 0;
			shellPath = /bin/sh;
			shellScript = "\"${PODS_ROOT}/Target Support Files/Pods-Me2/Pods-Me2-frameworks.sh\"\n";
			showEnvVarsInLog = 0;
		};
		8CDBA4C023827EA5D9DAD63D /* [CP] Check Pods Manifest.lock */ = {
			isa = PBXShellScriptBuildPhase;
			buildActionMask = 2147483647;
			files = (
			);
			inputFileListPaths = (
			);
			inputPaths = (
				"${PODS_PODFILE_DIR_PATH}/Podfile.lock",
				"${PODS_ROOT}/Manifest.lock",
			);
			name = "[CP] Check Pods Manifest.lock";
			outputFileListPaths = (
			);
			outputPaths = (
				"$(DERIVED_FILE_DIR)/Pods-Me2-checkManifestLockResult.txt",
			);
			runOnlyForDeploymentPostprocessing = 0;
			shellPath = /bin/sh;
			shellScript = "diff \"${PODS_PODFILE_DIR_PATH}/Podfile.lock\" \"${PODS_ROOT}/Manifest.lock\" > /dev/null\nif [ $? != 0 ] ; then\n    # print error to STDERR\n    echo \"error: The sandbox is not in sync with the Podfile.lock. Run 'pod install' or update your CocoaPods installation.\" >&2\n    exit 1\nfi\n# This output is used by Xcode 'outputs' to avoid re-running this script phase.\necho \"SUCCESS\" > \"${SCRIPT_OUTPUT_FILE_0}\"\n";
			showEnvVarsInLog = 0;
		};
/* End PBXShellScriptBuildPhase section */

/* Begin PBXSourcesBuildPhase section */
		DD67A74922EF33B000D1D51D /* Sources */ = {
			isa = PBXSourcesBuildPhase;
			buildActionMask = 2147483647;
			files = (
				DD67A77522EF381C00D1D51D /* SignInOrUpViewController.swift in Sources */,
				DD67A77722EF3A7400D1D51D /* Storyboard.swift in Sources */,
				DD67A75122EF33B000D1D51D /* AppDelegate.swift in Sources */,
				DD67A77D22EF60FE00D1D51D /* SignInViewController.swift in Sources */,
				DD67A77F22EF693E00D1D51D /* SignUpViewController.swift in Sources */,
			);
			runOnlyForDeploymentPostprocessing = 0;
		};
/* End PBXSourcesBuildPhase section */

/* Begin PBXVariantGroup section */
		DD67A75422EF33B000D1D51D /* Main.storyboard */ = {
			isa = PBXVariantGroup;
			children = (
				DD67A75522EF33B000D1D51D /* Base */,
			);
			name = Main.storyboard;
			sourceTree = "<group>";
		};
		DD67A75922EF33B200D1D51D /* LaunchScreen.storyboard */ = {
			isa = PBXVariantGroup;
			children = (
				DD67A75A22EF33B200D1D51D /* Base */,
			);
			name = LaunchScreen.storyboard;
			sourceTree = "<group>";
		};
/* End PBXVariantGroup section */

/* Begin XCBuildConfiguration section */
		DD67A75D22EF33B200D1D51D /* Debug */ = {
			isa = XCBuildConfiguration;
			buildSettings = {
				ALWAYS_SEARCH_USER_PATHS = NO;
				CLANG_ANALYZER_NONNULL = YES;
				CLANG_ANALYZER_NUMBER_OBJECT_CONVERSION = YES_AGGRESSIVE;
				CLANG_CXX_LANGUAGE_STANDARD = "gnu++14";
				CLANG_CXX_LIBRARY = "libc++";
				CLANG_ENABLE_MODULES = YES;
				CLANG_ENABLE_OBJC_ARC = YES;
				CLANG_ENABLE_OBJC_WEAK = YES;
				CLANG_WARN_BLOCK_CAPTURE_AUTORELEASING = YES;
				CLANG_WARN_BOOL_CONVERSION = YES;
				CLANG_WARN_COMMA = YES;
				CLANG_WARN_CONSTANT_CONVERSION = YES;
				CLANG_WARN_DEPRECATED_OBJC_IMPLEMENTATIONS = YES;
				CLANG_WARN_DIRECT_OBJC_ISA_USAGE = YES_ERROR;
				CLANG_WARN_DOCUMENTATION_COMMENTS = YES;
				CLANG_WARN_EMPTY_BODY = YES;
				CLANG_WARN_ENUM_CONVERSION = YES;
				CLANG_WARN_INFINITE_RECURSION = YES;
				CLANG_WARN_INT_CONVERSION = YES;
				CLANG_WARN_NON_LITERAL_NULL_CONVERSION = YES;
				CLANG_WARN_OBJC_IMPLICIT_RETAIN_SELF = YES;
				CLANG_WARN_OBJC_LITERAL_CONVERSION = YES;
				CLANG_WARN_OBJC_ROOT_CLASS = YES_ERROR;
				CLANG_WARN_RANGE_LOOP_ANALYSIS = YES;
				CLANG_WARN_STRICT_PROTOTYPES = YES;
				CLANG_WARN_SUSPICIOUS_MOVE = YES;
				CLANG_WARN_UNGUARDED_AVAILABILITY = YES_AGGRESSIVE;
				CLANG_WARN_UNREACHABLE_CODE = YES;
				CLANG_WARN__DUPLICATE_METHOD_MATCH = YES;
				CODE_SIGN_IDENTITY = "iPhone Developer";
				COPY_PHASE_STRIP = NO;
				DEBUG_INFORMATION_FORMAT = dwarf;
				ENABLE_STRICT_OBJC_MSGSEND = YES;
				ENABLE_TESTABILITY = YES;
				GCC_C_LANGUAGE_STANDARD = gnu11;
				GCC_DYNAMIC_NO_PIC = NO;
				GCC_NO_COMMON_BLOCKS = YES;
				GCC_OPTIMIZATION_LEVEL = 0;
				GCC_PREPROCESSOR_DEFINITIONS = (
					"DEBUG=1",
					"$(inherited)",
				);
				GCC_WARN_64_TO_32_BIT_CONVERSION = YES;
				GCC_WARN_ABOUT_RETURN_TYPE = YES_ERROR;
				GCC_WARN_UNDECLARED_SELECTOR = YES;
				GCC_WARN_UNINITIALIZED_AUTOS = YES_AGGRESSIVE;
				GCC_WARN_UNUSED_FUNCTION = YES;
				GCC_WARN_UNUSED_VARIABLE = YES;
				IPHONEOS_DEPLOYMENT_TARGET = 12.4;
				MTL_ENABLE_DEBUG_INFO = INCLUDE_SOURCE;
				MTL_FAST_MATH = YES;
				ONLY_ACTIVE_ARCH = YES;
				SDKROOT = iphoneos;
				SWIFT_ACTIVE_COMPILATION_CONDITIONS = DEBUG;
				SWIFT_OPTIMIZATION_LEVEL = "-Onone";
			};
			name = Debug;
		};
		DD67A75E22EF33B200D1D51D /* Release */ = {
			isa = XCBuildConfiguration;
			buildSettings = {
				ALWAYS_SEARCH_USER_PATHS = NO;
				CLANG_ANALYZER_NONNULL = YES;
				CLANG_ANALYZER_NUMBER_OBJECT_CONVERSION = YES_AGGRESSIVE;
				CLANG_CXX_LANGUAGE_STANDARD = "gnu++14";
				CLANG_CXX_LIBRARY = "libc++";
				CLANG_ENABLE_MODULES = YES;
				CLANG_ENABLE_OBJC_ARC = YES;
				CLANG_ENABLE_OBJC_WEAK = YES;
				CLANG_WARN_BLOCK_CAPTURE_AUTORELEASING = YES;
				CLANG_WARN_BOOL_CONVERSION = YES;
				CLANG_WARN_COMMA = YES;
				CLANG_WARN_CONSTANT_CONVERSION = YES;
				CLANG_WARN_DEPRECATED_OBJC_IMPLEMENTATIONS = YES;
				CLANG_WARN_DIRECT_OBJC_ISA_USAGE = YES_ERROR;
				CLANG_WARN_DOCUMENTATION_COMMENTS = YES;
				CLANG_WARN_EMPTY_BODY = YES;
				CLANG_WARN_ENUM_CONVERSION = YES;
				CLANG_WARN_INFINITE_RECURSION = YES;
				CLANG_WARN_INT_CONVERSION = YES;
				CLANG_WARN_NON_LITERAL_NULL_CONVERSION = YES;
				CLANG_WARN_OBJC_IMPLICIT_RETAIN_SELF = YES;
				CLANG_WARN_OBJC_LITERAL_CONVERSION = YES;
				CLANG_WARN_OBJC_ROOT_CLASS = YES_ERROR;
				CLANG_WARN_RANGE_LOOP_ANALYSIS = YES;
				CLANG_WARN_STRICT_PROTOTYPES = YES;
				CLANG_WARN_SUSPICIOUS_MOVE = YES;
				CLANG_WARN_UNGUARDED_AVAILABILITY = YES_AGGRESSIVE;
				CLANG_WARN_UNREACHABLE_CODE = YES;
				CLANG_WARN__DUPLICATE_METHOD_MATCH = YES;
				CODE_SIGN_IDENTITY = "iPhone Developer";
				COPY_PHASE_STRIP = NO;
				DEBUG_INFORMATION_FORMAT = "dwarf-with-dsym";
				ENABLE_NS_ASSERTIONS = NO;
				ENABLE_STRICT_OBJC_MSGSEND = YES;
				GCC_C_LANGUAGE_STANDARD = gnu11;
				GCC_NO_COMMON_BLOCKS = YES;
				GCC_WARN_64_TO_32_BIT_CONVERSION = YES;
				GCC_WARN_ABOUT_RETURN_TYPE = YES_ERROR;
				GCC_WARN_UNDECLARED_SELECTOR = YES;
				GCC_WARN_UNINITIALIZED_AUTOS = YES_AGGRESSIVE;
				GCC_WARN_UNUSED_FUNCTION = YES;
				GCC_WARN_UNUSED_VARIABLE = YES;
				IPHONEOS_DEPLOYMENT_TARGET = 12.4;
				MTL_ENABLE_DEBUG_INFO = NO;
				MTL_FAST_MATH = YES;
				SDKROOT = iphoneos;
				SWIFT_COMPILATION_MODE = wholemodule;
				SWIFT_OPTIMIZATION_LEVEL = "-O";
				VALIDATE_PRODUCT = YES;
			};
			name = Release;
		};
		DD67A76022EF33B200D1D51D /* Debug */ = {
			isa = XCBuildConfiguration;
			baseConfigurationReference = 5EC30CA6717869B180075276 /* Pods-Me2.debug.xcconfig */;
			buildSettings = {
				ASSETCATALOG_COMPILER_APPICON_NAME = AppIcon;
				CODE_SIGN_STYLE = Automatic;
				DEVELOPMENT_TEAM = 2XX9GVMR69;
				INFOPLIST_FILE = "$(SRCROOT)/Me2/Support/Info.plist";
				IPHONEOS_DEPLOYMENT_TARGET = 11.2;
				LD_RUNPATH_SEARCH_PATHS = (
					"$(inherited)",
					"@executable_path/Frameworks",
				);
				PRODUCT_BUNDLE_IDENTIFIER = com.avsoft.Me2;
				PRODUCT_NAME = "$(TARGET_NAME)";
				SWIFT_VERSION = 5.0;
				TARGETED_DEVICE_FAMILY = "1,2";
			};
			name = Debug;
		};
		DD67A76122EF33B200D1D51D /* Release */ = {
			isa = XCBuildConfiguration;
			baseConfigurationReference = 87EA5E7B2A6E3D65D055AF83 /* Pods-Me2.release.xcconfig */;
			buildSettings = {
				ASSETCATALOG_COMPILER_APPICON_NAME = AppIcon;
				CODE_SIGN_STYLE = Automatic;
				DEVELOPMENT_TEAM = 2XX9GVMR69;
				INFOPLIST_FILE = "$(SRCROOT)/Me2/Support/Info.plist";
				IPHONEOS_DEPLOYMENT_TARGET = 11.2;
				LD_RUNPATH_SEARCH_PATHS = (
					"$(inherited)",
					"@executable_path/Frameworks",
				);
				PRODUCT_BUNDLE_IDENTIFIER = com.avsoft.Me2;
				PRODUCT_NAME = "$(TARGET_NAME)";
				SWIFT_VERSION = 5.0;
				TARGETED_DEVICE_FAMILY = "1,2";
			};
			name = Release;
		};
/* End XCBuildConfiguration section */

/* Begin XCConfigurationList section */
		DD67A74822EF33B000D1D51D /* Build configuration list for PBXProject "Me2" */ = {
			isa = XCConfigurationList;
			buildConfigurations = (
				DD67A75D22EF33B200D1D51D /* Debug */,
				DD67A75E22EF33B200D1D51D /* Release */,
			);
			defaultConfigurationIsVisible = 0;
			defaultConfigurationName = Release;
		};
		DD67A75F22EF33B200D1D51D /* Build configuration list for PBXNativeTarget "Me2" */ = {
			isa = XCConfigurationList;
			buildConfigurations = (
				DD67A76022EF33B200D1D51D /* Debug */,
				DD67A76122EF33B200D1D51D /* Release */,
			);
			defaultConfigurationIsVisible = 0;
			defaultConfigurationName = Release;
		};
/* End XCConfigurationList section */
	};
	rootObject = DD67A74522EF33B000D1D51D /* Project object */;
}
